
Microsoft Visual Studio Solution File, Format Version 12.00
# Visual Studio Version 16
VisualStudioVersion = 16.0.29905.134
MinimumVisualStudioVersion = 10.0.40219.1
Project("{9A19103F-16F7-4668-BE54-9A1E7A4F7556}") = "MSSA-CAD-Project-Lugias-Lair", "MSSA-CAD-Project-Lugias-Lair.csproj", "{CDFF2D78-191E-4D6A-8C9C-2D74C09961B2}"
EndProject
Project("{00D1A9C2-B5F0-4AF3-8072-F6C62B433612}") = "LugiasLair_DB_Project", "..\LugiasLair_DB_Project\LugiasLair_DB_Project.sqlproj", "{95D8814D-BD73-4DEF-89D6-8F840C725F56}"
EndProject
Project("{FAE04EC0-301F-11D3-BF4B-00C04F79EFBC}") = "VGC_Team_Generation", "VGC_Team_Generation\VGC_Team_Generation.csproj", "{957E9DFC-7ACE-41E9-B75B-33FD20860E9A}"
EndProject
Global
	GlobalSection(SolutionConfigurationPlatforms) = preSolution
		Debug|Any CPU = Debug|Any CPU
		Release|Any CPU = Release|Any CPU
	EndGlobalSection
	GlobalSection(ProjectConfigurationPlatforms) = postSolution
		{CDFF2D78-191E-4D6A-8C9C-2D74C09961B2}.Debug|Any CPU.ActiveCfg = Debug|Any CPU
		{CDFF2D78-191E-4D6A-8C9C-2D74C09961B2}.Debug|Any CPU.Build.0 = Debug|Any CPU
		{CDFF2D78-191E-4D6A-8C9C-2D74C09961B2}.Release|Any CPU.ActiveCfg = Release|Any CPU
		{CDFF2D78-191E-4D6A-8C9C-2D74C09961B2}.Release|Any CPU.Build.0 = Release|Any CPU
		{95D8814D-BD73-4DEF-89D6-8F840C725F56}.Debug|Any CPU.ActiveCfg = Debug|Any CPU
		{95D8814D-BD73-4DEF-89D6-8F840C725F56}.Debug|Any CPU.Build.0 = Debug|Any CPU
		{95D8814D-BD73-4DEF-89D6-8F840C725F56}.Debug|Any CPU.Deploy.0 = Debug|Any CPU
		{95D8814D-BD73-4DEF-89D6-8F840C725F56}.Release|Any CPU.ActiveCfg = Release|Any CPU
		{95D8814D-BD73-4DEF-89D6-8F840C725F56}.Release|Any CPU.Build.0 = Release|Any CPU
		{95D8814D-BD73-4DEF-89D6-8F840C725F56}.Release|Any CPU.Deploy.0 = Release|Any CPU
		{957E9DFC-7ACE-41E9-B75B-33FD20860E9A}.Debug|Any CPU.ActiveCfg = Debug|Any CPU
		{957E9DFC-7ACE-41E9-B75B-33FD20860E9A}.Debug|Any CPU.Build.0 = Debug|Any CPU
		{957E9DFC-7ACE-41E9-B75B-33FD20860E9A}.Release|Any CPU.ActiveCfg = Release|Any CPU
		{957E9DFC-7ACE-41E9-B75B-33FD20860E9A}.Release|Any CPU.Build.0 = Release|Any CPU
	EndGlobalSection
	GlobalSection(SolutionProperties) = preSolution
		HideSolutionNode = FALSE
	EndGlobalSection
	GlobalSection(ExtensibilityGlobals) = postSolution
		SolutionGuid = {EA543FD3-A021-40D9-B3FA-398422552F46}
	EndGlobalSection
EndGlobal
